
Microsoft Visual Studio Solution File, Format Version 12.00
# Visual Studio Version 16
VisualStudioVersion = 16.0.30225.117
MinimumVisualStudioVersion = 10.0.40219.1
Project("{9A19103F-16F7-4668-BE54-9A1E7A4F7556}") = "01.Ranking", "01.Ranking\01.Ranking.csproj", "{8A600FED-FB72-465D-A42F-C5E3BFBB2F32}"
EndProject
Project("{9A19103F-16F7-4668-BE54-9A1E7A4F7556}") = "02.Judge", "02.Judge\02.Judge.csproj", "{B73E87F2-32B1-49A4-83B3-E23C82E7D107}"
EndProject
Project("{FAE04EC0-301F-11D3-BF4B-00C04F79EFBC}") = "03.MOBAChallenger", "03.MOBAChallenger\03.MOBAChallenger.csproj", "{C25114F4-2FCF-4194-B4C3-B90CA9778926}"
EndProject
Global
	GlobalSection(SolutionConfigurationPlatforms) = preSolution
		Debug|Any CPU = Debug|Any CPU
		Release|Any CPU = Release|Any CPU
	EndGlobalSection
	GlobalSection(ProjectConfigurationPlatforms) = postSolution
		{8A600FED-FB72-465D-A42F-C5E3BFBB2F32}.Debug|Any CPU.ActiveCfg = Debug|Any CPU
		{8A600FED-FB72-465D-A42F-C5E3BFBB2F32}.Debug|Any CPU.Build.0 = Debug|Any CPU
		{8A600FED-FB72-465D-A42F-C5E3BFBB2F32}.Release|Any CPU.ActiveCfg = Release|Any CPU
		{8A600FED-FB72-465D-A42F-C5E3BFBB2F32}.Release|Any CPU.Build.0 = Release|Any CPU
		{B73E87F2-32B1-49A4-83B3-E23C82E7D107}.Debug|Any CPU.ActiveCfg = Debug|Any CPU
		{B73E87F2-32B1-49A4-83B3-E23C82E7D107}.Debug|Any CPU.Build.0 = Debug|Any CPU
		{B73E87F2-32B1-49A4-83B3-E23C82E7D107}.Release|Any CPU.ActiveCfg = Release|Any CPU
		{B73E87F2-32B1-49A4-83B3-E23C82E7D107}.Release|Any CPU.Build.0 = Release|Any CPU
		{C25114F4-2FCF-4194-B4C3-B90CA9778926}.Debug|Any CPU.ActiveCfg = Debug|Any CPU
		{C25114F4-2FCF-4194-B4C3-B90CA9778926}.Debug|Any CPU.Build.0 = Debug|Any CPU
		{C25114F4-2FCF-4194-B4C3-B90CA9778926}.Release|Any CPU.ActiveCfg = Release|Any CPU
		{C25114F4-2FCF-4194-B4C3-B90CA9778926}.Release|Any CPU.Build.0 = Release|Any CPU
	EndGlobalSection
	GlobalSection(SolutionProperties) = preSolution
		HideSolutionNode = FALSE
	EndGlobalSection
	GlobalSection(ExtensibilityGlobals) = postSolution
		SolutionGuid = {9EEA1AF2-3457-4CB7-86DB-CDD4B4C708F0}
	EndGlobalSection
EndGlobal
