
Microsoft Visual Studio Solution File, Format Version 12.00
# Visual Studio Version 16
VisualStudioVersion = 16.0.30225.117
MinimumVisualStudioVersion = 10.0.40219.1
Project("{9A19103F-16F7-4668-BE54-9A1E7A4F7556}") = "Practice", "Practice\Practice.csproj", "{7E3DA43F-98E6-40C6-9CE9-465B94C53708}"
EndProject
Project("{9A19103F-16F7-4668-BE54-9A1E7A4F7556}") = "01. Day of Week", "01. Day of Week\01. Day of Week.csproj", "{1426BB08-44F2-4F9B-AE67-89A309CB914C}"
EndProject
Project("{9A19103F-16F7-4668-BE54-9A1E7A4F7556}") = "02. Print Numbers in Reverse Order", "02. Print Numbers in Reverse Order\02. Print Numbers in Reverse Order.csproj", "{6C4DE348-BC69-45CA-B359-4A65F8960BAF}"
EndProject
Project("{9A19103F-16F7-4668-BE54-9A1E7A4F7556}") = "03. Rounding Numbers", "03. Rounding Numbers\03. Rounding Numbers.csproj", "{AD2DAF01-521A-4BFB-A6CC-A85A8DEC747F}"
EndProject
Project("{9A19103F-16F7-4668-BE54-9A1E7A4F7556}") = "04. Reverse Array of Strings", "04. Reverse Array of Strings\04. Reverse Array of Strings.csproj", "{0844715D-4615-4558-9723-F19D2469DD1A}"
EndProject
Project("{9A19103F-16F7-4668-BE54-9A1E7A4F7556}") = "05. Sum Even Numbers", "05. Sum Even Numbers\05. Sum Even Numbers.csproj", "{F521B0BE-9322-4CFF-A510-BE3D8584F949}"
EndProject
Project("{FAE04EC0-301F-11D3-BF4B-00C04F79EFBC}") = "06. Even and Odd Subtraction", "06. Even and Odd Subtraction\06. Even and Odd Subtraction.csproj", "{3EB089E8-7821-4952-AF45-5F1ACB0B12B1}"
EndProject
Project("{FAE04EC0-301F-11D3-BF4B-00C04F79EFBC}") = "07. Equal Arrays", "07. Equal Arrays\07. Equal Arrays.csproj", "{7BEF03B9-1F82-45BB-AB0F-FCB62E7BAB26}"
EndProject
Project("{FAE04EC0-301F-11D3-BF4B-00C04F79EFBC}") = "08. Condense Array to Number", "08. Condense Array to Number\08. Condense Array to Number.csproj", "{A320DD83-2485-45B4-9D96-B376DE0E3A52}"
EndProject
Global
	GlobalSection(SolutionConfigurationPlatforms) = preSolution
		Debug|Any CPU = Debug|Any CPU
		Release|Any CPU = Release|Any CPU
	EndGlobalSection
	GlobalSection(ProjectConfigurationPlatforms) = postSolution
		{7E3DA43F-98E6-40C6-9CE9-465B94C53708}.Debug|Any CPU.ActiveCfg = Debug|Any CPU
		{7E3DA43F-98E6-40C6-9CE9-465B94C53708}.Debug|Any CPU.Build.0 = Debug|Any CPU
		{7E3DA43F-98E6-40C6-9CE9-465B94C53708}.Release|Any CPU.ActiveCfg = Release|Any CPU
		{7E3DA43F-98E6-40C6-9CE9-465B94C53708}.Release|Any CPU.Build.0 = Release|Any CPU
		{1426BB08-44F2-4F9B-AE67-89A309CB914C}.Debug|Any CPU.ActiveCfg = Debug|Any CPU
		{1426BB08-44F2-4F9B-AE67-89A309CB914C}.Debug|Any CPU.Build.0 = Debug|Any CPU
		{1426BB08-44F2-4F9B-AE67-89A309CB914C}.Release|Any CPU.ActiveCfg = Release|Any CPU
		{1426BB08-44F2-4F9B-AE67-89A309CB914C}.Release|Any CPU.Build.0 = Release|Any CPU
		{6C4DE348-BC69-45CA-B359-4A65F8960BAF}.Debug|Any CPU.ActiveCfg = Debug|Any CPU
		{6C4DE348-BC69-45CA-B359-4A65F8960BAF}.Debug|Any CPU.Build.0 = Debug|Any CPU
		{6C4DE348-BC69-45CA-B359-4A65F8960BAF}.Release|Any CPU.ActiveCfg = Release|Any CPU
		{6C4DE348-BC69-45CA-B359-4A65F8960BAF}.Release|Any CPU.Build.0 = Release|Any CPU
		{AD2DAF01-521A-4BFB-A6CC-A85A8DEC747F}.Debug|Any CPU.ActiveCfg = Debug|Any CPU
		{AD2DAF01-521A-4BFB-A6CC-A85A8DEC747F}.Debug|Any CPU.Build.0 = Debug|Any CPU
		{AD2DAF01-521A-4BFB-A6CC-A85A8DEC747F}.Release|Any CPU.ActiveCfg = Release|Any CPU
		{AD2DAF01-521A-4BFB-A6CC-A85A8DEC747F}.Release|Any CPU.Build.0 = Release|Any CPU
		{0844715D-4615-4558-9723-F19D2469DD1A}.Debug|Any CPU.ActiveCfg = Debug|Any CPU
		{0844715D-4615-4558-9723-F19D2469DD1A}.Debug|Any CPU.Build.0 = Debug|Any CPU
		{0844715D-4615-4558-9723-F19D2469DD1A}.Release|Any CPU.ActiveCfg = Release|Any CPU
		{0844715D-4615-4558-9723-F19D2469DD1A}.Release|Any CPU.Build.0 = Release|Any CPU
		{F521B0BE-9322-4CFF-A510-BE3D8584F949}.Debug|Any CPU.ActiveCfg = Debug|Any CPU
		{F521B0BE-9322-4CFF-A510-BE3D8584F949}.Debug|Any CPU.Build.0 = Debug|Any CPU
		{F521B0BE-9322-4CFF-A510-BE3D8584F949}.Release|Any CPU.ActiveCfg = Release|Any CPU
		{F521B0BE-9322-4CFF-A510-BE3D8584F949}.Release|Any CPU.Build.0 = Release|Any CPU
		{3EB089E8-7821-4952-AF45-5F1ACB0B12B1}.Debug|Any CPU.ActiveCfg = Debug|Any CPU
		{3EB089E8-7821-4952-AF45-5F1ACB0B12B1}.Debug|Any CPU.Build.0 = Debug|Any CPU
		{3EB089E8-7821-4952-AF45-5F1ACB0B12B1}.Release|Any CPU.ActiveCfg = Release|Any CPU
		{3EB089E8-7821-4952-AF45-5F1ACB0B12B1}.Release|Any CPU.Build.0 = Release|Any CPU
		{7BEF03B9-1F82-45BB-AB0F-FCB62E7BAB26}.Debug|Any CPU.ActiveCfg = Debug|Any CPU
		{7BEF03B9-1F82-45BB-AB0F-FCB62E7BAB26}.Debug|Any CPU.Build.0 = Debug|Any CPU
		{7BEF03B9-1F82-45BB-AB0F-FCB62E7BAB26}.Release|Any CPU.ActiveCfg = Release|Any CPU
		{7BEF03B9-1F82-45BB-AB0F-FCB62E7BAB26}.Release|Any CPU.Build.0 = Release|Any CPU
		{A320DD83-2485-45B4-9D96-B376DE0E3A52}.Debug|Any CPU.ActiveCfg = Debug|Any CPU
		{A320DD83-2485-45B4-9D96-B376DE0E3A52}.Debug|Any CPU.Build.0 = Debug|Any CPU
		{A320DD83-2485-45B4-9D96-B376DE0E3A52}.Release|Any CPU.ActiveCfg = Release|Any CPU
		{A320DD83-2485-45B4-9D96-B376DE0E3A52}.Release|Any CPU.Build.0 = Release|Any CPU
	EndGlobalSection
	GlobalSection(SolutionProperties) = preSolution
		HideSolutionNode = FALSE
	EndGlobalSection
	GlobalSection(ExtensibilityGlobals) = postSolution
		SolutionGuid = {322B10F6-5E35-4E9C-9081-B60F245103F7}
	EndGlobalSection
EndGlobal
