
Microsoft Visual Studio Solution File, Format Version 12.00
# Visual Studio Version 16
VisualStudioVersion = 16.0.30225.117
MinimumVisualStudioVersion = 10.0.40219.1
Project("{9A19103F-16F7-4668-BE54-9A1E7A4F7556}") = "01.Username", "01.Username\01.Username.csproj", "{9A23E276-BBF2-4B62-9E43-913181A88C0B}"
EndProject
Project("{9A19103F-16F7-4668-BE54-9A1E7A4F7556}") = "02.Password", "02.Password\02.Password.csproj", "{824FDACC-DF0D-494E-A606-E50C54AA9A80}"
EndProject
Project("{FAE04EC0-301F-11D3-BF4B-00C04F79EFBC}") = "03.Followers", "03.Followers\03.Followers.csproj", "{3BF06B83-0C89-43A8-AFB0-82155A409BAA}"
EndProject
Global
	GlobalSection(SolutionConfigurationPlatforms) = preSolution
		Debug|Any CPU = Debug|Any CPU
		Release|Any CPU = Release|Any CPU
	EndGlobalSection
	GlobalSection(ProjectConfigurationPlatforms) = postSolution
		{9A23E276-BBF2-4B62-9E43-913181A88C0B}.Debug|Any CPU.ActiveCfg = Debug|Any CPU
		{9A23E276-BBF2-4B62-9E43-913181A88C0B}.Debug|Any CPU.Build.0 = Debug|Any CPU
		{9A23E276-BBF2-4B62-9E43-913181A88C0B}.Release|Any CPU.ActiveCfg = Release|Any CPU
		{9A23E276-BBF2-4B62-9E43-913181A88C0B}.Release|Any CPU.Build.0 = Release|Any CPU
		{824FDACC-DF0D-494E-A606-E50C54AA9A80}.Debug|Any CPU.ActiveCfg = Debug|Any CPU
		{824FDACC-DF0D-494E-A606-E50C54AA9A80}.Debug|Any CPU.Build.0 = Debug|Any CPU
		{824FDACC-DF0D-494E-A606-E50C54AA9A80}.Release|Any CPU.ActiveCfg = Release|Any CPU
		{824FDACC-DF0D-494E-A606-E50C54AA9A80}.Release|Any CPU.Build.0 = Release|Any CPU
		{3BF06B83-0C89-43A8-AFB0-82155A409BAA}.Debug|Any CPU.ActiveCfg = Debug|Any CPU
		{3BF06B83-0C89-43A8-AFB0-82155A409BAA}.Debug|Any CPU.Build.0 = Debug|Any CPU
		{3BF06B83-0C89-43A8-AFB0-82155A409BAA}.Release|Any CPU.ActiveCfg = Release|Any CPU
		{3BF06B83-0C89-43A8-AFB0-82155A409BAA}.Release|Any CPU.Build.0 = Release|Any CPU
	EndGlobalSection
	GlobalSection(SolutionProperties) = preSolution
		HideSolutionNode = FALSE
	EndGlobalSection
	GlobalSection(ExtensibilityGlobals) = postSolution
		SolutionGuid = {B08CC267-78EB-411F-81CD-93DB644556EF}
	EndGlobalSection
EndGlobal
