
Microsoft Visual Studio Solution File, Format Version 12.00
# Visual Studio Version 16
VisualStudioVersion = 16.0.30225.117
MinimumVisualStudioVersion = 10.0.40219.1
Project("{9A19103F-16F7-4668-BE54-9A1E7A4F7556}") = "01.SecretChat", "01.SecretChat\01.SecretChat.csproj", "{32F6EBAD-4E41-4483-A74E-8D3018343BCB}"
EndProject
Project("{9A19103F-16F7-4668-BE54-9A1E7A4F7556}") = "02.MirrorWords", "02.MirrorWords\02.MirrorWords.csproj", "{281701BD-C260-4E44-B89A-DBD1EC02CEE5}"
EndProject
Project("{FAE04EC0-301F-11D3-BF4B-00C04F79EFBC}") = "03.NeedForSpeedIII", "03.NeedForSpeedIII\03.NeedForSpeedIII.csproj", "{494836FF-DCF9-4440-86FE-ED3FDC974AC3}"
EndProject
Global
	GlobalSection(SolutionConfigurationPlatforms) = preSolution
		Debug|Any CPU = Debug|Any CPU
		Release|Any CPU = Release|Any CPU
	EndGlobalSection
	GlobalSection(ProjectConfigurationPlatforms) = postSolution
		{32F6EBAD-4E41-4483-A74E-8D3018343BCB}.Debug|Any CPU.ActiveCfg = Debug|Any CPU
		{32F6EBAD-4E41-4483-A74E-8D3018343BCB}.Debug|Any CPU.Build.0 = Debug|Any CPU
		{32F6EBAD-4E41-4483-A74E-8D3018343BCB}.Release|Any CPU.ActiveCfg = Release|Any CPU
		{32F6EBAD-4E41-4483-A74E-8D3018343BCB}.Release|Any CPU.Build.0 = Release|Any CPU
		{281701BD-C260-4E44-B89A-DBD1EC02CEE5}.Debug|Any CPU.ActiveCfg = Debug|Any CPU
		{281701BD-C260-4E44-B89A-DBD1EC02CEE5}.Debug|Any CPU.Build.0 = Debug|Any CPU
		{281701BD-C260-4E44-B89A-DBD1EC02CEE5}.Release|Any CPU.ActiveCfg = Release|Any CPU
		{281701BD-C260-4E44-B89A-DBD1EC02CEE5}.Release|Any CPU.Build.0 = Release|Any CPU
		{494836FF-DCF9-4440-86FE-ED3FDC974AC3}.Debug|Any CPU.ActiveCfg = Debug|Any CPU
		{494836FF-DCF9-4440-86FE-ED3FDC974AC3}.Debug|Any CPU.Build.0 = Debug|Any CPU
		{494836FF-DCF9-4440-86FE-ED3FDC974AC3}.Release|Any CPU.ActiveCfg = Release|Any CPU
		{494836FF-DCF9-4440-86FE-ED3FDC974AC3}.Release|Any CPU.Build.0 = Release|Any CPU
	EndGlobalSection
	GlobalSection(SolutionProperties) = preSolution
		HideSolutionNode = FALSE
	EndGlobalSection
	GlobalSection(ExtensibilityGlobals) = postSolution
		SolutionGuid = {BF31B933-B6D1-4CC0-A3B2-2B5CF6FE9570}
	EndGlobalSection
EndGlobal
