
Microsoft Visual Studio Solution File, Format Version 12.00
# Visual Studio Version 16
VisualStudioVersion = 16.0.30225.117
MinimumVisualStudioVersion = 10.0.40219.1
Project("{FAE04EC0-301F-11D3-BF4B-00C04F79EFBC}") = "01.ActivationKeys", "01.ActivationKeys\01.ActivationKeys.csproj", "{2B387B89-95F5-4033-A8C9-99212E7274F1}"
EndProject
Project("{FAE04EC0-301F-11D3-BF4B-00C04F79EFBC}") = "02.EmojiDetector", "02.EmojiDetector\02.EmojiDetector.csproj", "{51C9DFD0-3D57-4769-A53A-627B77490E91}"
EndProject
Project("{FAE04EC0-301F-11D3-BF4B-00C04F79EFBC}") = "03.P!rates", "03.P!rates\03.P!rates.csproj", "{8A6A5F56-D8C1-4508-98DA-9D660FE8941F}"
EndProject
Global
	GlobalSection(SolutionConfigurationPlatforms) = preSolution
		Debug|Any CPU = Debug|Any CPU
		Release|Any CPU = Release|Any CPU
	EndGlobalSection
	GlobalSection(ProjectConfigurationPlatforms) = postSolution
		{2B387B89-95F5-4033-A8C9-99212E7274F1}.Debug|Any CPU.ActiveCfg = Debug|Any CPU
		{2B387B89-95F5-4033-A8C9-99212E7274F1}.Debug|Any CPU.Build.0 = Debug|Any CPU
		{2B387B89-95F5-4033-A8C9-99212E7274F1}.Release|Any CPU.ActiveCfg = Release|Any CPU
		{2B387B89-95F5-4033-A8C9-99212E7274F1}.Release|Any CPU.Build.0 = Release|Any CPU
		{51C9DFD0-3D57-4769-A53A-627B77490E91}.Debug|Any CPU.ActiveCfg = Debug|Any CPU
		{51C9DFD0-3D57-4769-A53A-627B77490E91}.Debug|Any CPU.Build.0 = Debug|Any CPU
		{51C9DFD0-3D57-4769-A53A-627B77490E91}.Release|Any CPU.ActiveCfg = Release|Any CPU
		{51C9DFD0-3D57-4769-A53A-627B77490E91}.Release|Any CPU.Build.0 = Release|Any CPU
		{8A6A5F56-D8C1-4508-98DA-9D660FE8941F}.Debug|Any CPU.ActiveCfg = Debug|Any CPU
		{8A6A5F56-D8C1-4508-98DA-9D660FE8941F}.Debug|Any CPU.Build.0 = Debug|Any CPU
		{8A6A5F56-D8C1-4508-98DA-9D660FE8941F}.Release|Any CPU.ActiveCfg = Release|Any CPU
		{8A6A5F56-D8C1-4508-98DA-9D660FE8941F}.Release|Any CPU.Build.0 = Release|Any CPU
	EndGlobalSection
	GlobalSection(SolutionProperties) = preSolution
		HideSolutionNode = FALSE
	EndGlobalSection
	GlobalSection(ExtensibilityGlobals) = postSolution
		SolutionGuid = {C5FD214A-5A4C-4B8E-A591-0146E09772A5}
	EndGlobalSection
EndGlobal
